github.com/Masterminds/semver v1.4.2 h1:WBLTQ37jOCzSLtXNdoo8bNM8876KhNqOKvrlGITgsTc=
github.com/Masterminds/semver v1.4.2/go.mod h1:MB6lktGJrhw8PrUyiEoblNEGEQ+RzHPF078ddwwvV3Y=
github.com/PuerkitoBio/goquery v1.5.0 h1:uGvmFXOA73IKluu/F84Xd1tt/z07GYm8X49XKHP7EJk=
github.com/PuerkitoBio/goquery v1.5.0/go.mod h1:qD2PgZ9lccMbQlc7eEOjaeRlFQON7xY8kdmcsrnKqMg=
github.com/andybalholm/cascadia v1.0.0 h1:hOCXnnZ5A+3eVDX8pvgl4kofXv2ELss0bKcqRySc45o=
github.com/andybalholm/cascadia v1.0.0/go.mod h1:GsXiBklL0woXo1j/WYWtSYYC4ouU9PqHO0sqidkEA4Y=
github.com/client9/misspell v0.3.4 h1:ta993UF76GwbvJcIo3Y68y/M3WxlpEHPWIGDkJYwzJI=
github.com/client9/misspell v0.3.4/go.mod h1:qj6jICC3Q7zFZvVWo7KLAzC3yx5G7kyvSDkc90ppPyw=
github.com/kenshaw/easyjson v0.0.0-20181218164051-f60ef3823047/go.mod h1:Z28qAj9/MZpxzN+wHjOTyZGgklopqtKoALUON97VwoY=
github.com/knq/snaker v0.0.0-20181215144011-2bc8a4db4687 h1:ZrOZbqW7T2EgLd4soRATeSZrP3ijy2CgNFXG44cUuS8=
github.com/knq/snaker v0.0.0-20181215144011-2bc8a4db4687/go.mod h1:f0Dmq8fkddh8nOsVabYmtOHHdxlq2q4X+LQ1xWQEdUU=
github.com/mailru/easyjson v0.0.0-20180823135443-60711f1a8329 h1:2gxZ0XQIU/5z3Z3bUBu+FXuk2pFbkN6tcwi/pjyaDic=
github.com/mailru/easyjson v0.0.0-20180823135443-60711f1a8329/go.mod h1:C1wdFJiN94OJF2b5HbByQZoLdCWB1Yqtg26g4irojpc=
github.com/ryanuber/go-glob v1.0.0 h1:iQh3xXAumdQ+4Ufa5b25cRpC5TYKlno6hsv6Cb3pkBk=
github.com/ryanuber/go-glob v1.0.0/go.mod h1:807d1WSdnB0XRJzKNil9Om6lcp/3a0v4qIHxIXzX/Yc=
github.com/valyala/bytebufferpool v1.0.0 h1:GqA5TC/0021Y/b9FG4Oi9Mr3q7XYx6KllzawFIhcdPw=
github.com/valyala/bytebufferpool v1.0.0/go.mod h1:6bBcMArwyJ5K/AmCkWv1jt77kVWyCJ6HpOuEn7z0Csc=
github.com/valyala/quicktemplate v1.0.0 h1:lDPmM1AetDm736L5ZHGuVkMUA14+I0g3jbxWAozquGM=
github.com/valyala/quicktemplate v1.0.0/go.mod h1:uX8yrAzr955BRr+rAerWX4V1NHb8bFfsePffuN5lFso=
golang.org/x/net v0.0.0-20180218175443-cbe0f9307d01/go.mod h1:mL1N/T3taQHkDXs73rZJwtUhF3w3ftmwwsq0BUmARs4=
golang.org/x/net v0.0.0-20181114220301-adae6a3d119a h1:gOpx8G595UYyvj8UK4+OFyY4rx037g3fmfhe5SasG3U=
golang.org/x/net v0.0.0-20181114220301-adae6a3d119a/go.mod h1:mL1N/T3taQHkDXs73rZJwtUhF3w3ftmwwsq0BUmARs4=
golang.org/x/net v0.0.0-20190125091013-d26f9f9a57f3 h1:ulvT7fqt0yHWzpJwI57MezWnYDVpCAYBVuYst/L+fAY=
golang.org/x/net v0.0.0-20190125091013-d26f9f9a57f3/go.mod h1:mL1N/T3taQHkDXs73rZJwtUhF3w3ftmwwsq0BUmARs4=
golang.org/x/sync v0.0.0-20181221193216-37e7f081c4d4 h1:YUO/7uOKsKeq9UokNS62b8FYywz3ker1l1vDZRCRefw=
golang.org/x/sync v0.0.0-20181221193216-37e7f081c4d4/go.mod h1:RxMgew5VJxzue5/jJTE5uejpjVlOe/izrB70Jof72aM=
golang.org/x/tools v0.0.0-20190128232029-0a99049195af h1:Wx+ooEDVfYpFCdHW8plwPeyrPPbRdlgc6mdqeW/IUAE=
golang.org/x/tools v0.0.0-20190128232029-0a99049195af/go.mod h1:n7NCudcB/nEzxVGmLbDWY5pfWTLqBcC2KZ6jyYvM4mQ=
